
Microsoft Visual Studio Solution File, Format Version 12.00
# Visual Studio Version 17
VisualStudioVersion = 17.13.35825.156
MinimumVisualStudioVersion = 10.0.40219.1
Project("{2150E333-8FDC-42A3-9474-1A3956D46DE8}") = "Chapter01", "Chapter01", "{DDB4EF12-CC4E-5E88-E6FC-71A802F4DE97}"
EndProject
Project("{FAE04EC0-301F-11D3-BF4B-00C04F79EFBC}") = "ProductSample", "Chapter01\ProductSample\ProductSample.csproj", "{33AEA8B7-79FE-4E16-B6D8-B3D2228DCFF6}"
EndProject
Project("{2150E333-8FDC-42A3-9474-1A3956D46DE8}") = "Chapter02", "Chapter02", "{2DE26CC1-BD5C-4D5E-BC30-8E9FDD6C2313}"
EndProject
Project("{FAE04EC0-301F-11D3-BF4B-00C04F79EFBC}") = "DistanceConverter", "Chapter02\DistanceConverter\DistanceConverter.csproj", "{906AB0A4-EACE-4405-932B-151382A44386}"
EndProject
Project("{2150E333-8FDC-42A3-9474-1A3956D46DE8}") = "演習問題", "演習問題", "{2E1B4D82-65F3-47D9-A6A3-8C7838019E95}"
EndProject
Project("{FAE04EC0-301F-11D3-BF4B-00C04F79EFBC}") = "Exercise02", "Chapter02\演習問題\Exercise02\Exercise02.csproj", "{C4011104-BD0F-404D-8AC7-4F3AE51EBA1F}"
EndProject
Project("{2150E333-8FDC-42A3-9474-1A3956D46DE8}") = "距離換算プログラム", "距離換算プログラム", "{36B3FBF3-566A-4D8B-9EDB-C7FBBD6DBE6A}"
EndProject
Project("{2150E333-8FDC-42A3-9474-1A3956D46DE8}") = "FormApps", "FormApps", "{8760A637-8C6D-4AA2-97EF-B2E4B6A84277}"
EndProject
Project("{FAE04EC0-301F-11D3-BF4B-00C04F79EFBC}") = "UnitConverter", "FormApps\UnitConverter\UnitConverter.csproj", "{F6B2ABA8-E510-4C57-9DE3-A3D793E9E5C3}"
EndProject
Project("{FAE04EC0-301F-11D3-BF4B-00C04F79EFBC}") = "StopWatch", "FormApps\StopWatch\StopWatch.csproj", "{3885315E-D566-4B81-AC6C-926FC39089B1}"
EndProject
Project("{2150E333-8FDC-42A3-9474-1A3956D46DE8}") = "売上集計プログラム", "売上集計プログラム", "{29853736-0E72-4435-AEB7-C70247D17B2F}"
EndProject
Project("{FAE04EC0-301F-11D3-BF4B-00C04F79EFBC}") = "SalesCalculator", "Chapter02\SalesCalculator\SalesCalculator.csproj", "{6F278112-CFC6-40B1-A8ED-7E32777EE4C1}"
EndProject
Project("{FAE04EC0-301F-11D3-BF4B-00C04F79EFBC}") = "Exercise01", "Chapter02\演習問題\Exercise01\Exercise01.csproj", "{553D0F0B-6411-4E5A-B39D-A9A375644906}"
EndProject
Project("{2150E333-8FDC-42A3-9474-1A3956D46DE8}") = "Chapter03", "Chapter03", "{3A4CDE5D-5C91-4DE2-B3F2-08AB209BD18D}"
EndProject
Project("{FAE04EC0-301F-11D3-BF4B-00C04F79EFBC}") = "Section01", "Chapter03\Section01\Section01.csproj", "{E0837CD2-2EEF-4295-A752-E7732FE26AD2}"
EndProject
Project("{2150E333-8FDC-42A3-9474-1A3956D46DE8}") = "演習問題", "演習問題", "{4AA26DF5-5D2A-4287-BFA0-8D0935829EDB}"
EndProject
Project("{FAE04EC0-301F-11D3-BF4B-00C04F79EFBC}") = "Exercise02", "Chapter03\演習問題\Exercise02\Exercise02.csproj", "{485B5C7C-9BC9-4729-A0CE-EF5C9FAA9A9B}"
EndProject
Project("{FAE04EC0-301F-11D3-BF4B-00C04F79EFBC}") = "Section04", "Chapter03\Section04\Section04.csproj", "{5ABB0DF2-4962-4157-ADAE-D9E628A2ED06}"
EndProject
Project("{FAE04EC0-301F-11D3-BF4B-00C04F79EFBC}") = "Exercise01", "Chapter03\演習問題\Exercise01\Exercise01.csproj", "{0F9DF688-74BB-4E5F-800E-3932E227FAFA}"
EndProject
Project("{2150E333-8FDC-42A3-9474-1A3956D46DE8}") = "Chapter04", "Chapter04", "{490DA157-69CB-4740-B3DE-E1A8B28814B0}"
EndProject
Project("{FAE04EC0-301F-11D3-BF4B-00C04F79EFBC}") = "Section04", "Chapter04\Section04\Section04.csproj", "{3A95A141-AAD8-CCAB-6F75-1E63A7123829}"
EndProject
Project("{2150E333-8FDC-42A3-9474-1A3956D46DE8}") = "演習問題", "演習問題", "{002AC47D-3538-4478-9D4D-0E9A76A676FD}"
EndProject
Project("{FAE04EC0-301F-11D3-BF4B-00C04F79EFBC}") = "Exercise01", "Chapter04\演習問題\Exercise01\Exercise01.csproj", "{94DD345E-7CED-4741-C3E7-505B445CE161}"
EndProject
Project("{FAE04EC0-301F-11D3-BF4B-00C04F79EFBC}") = "Exercise02", "Chapter04\演習問題\Exercise02\Exercise02.csproj", "{C1D63E63-E64B-FCB7-4276-5EBCB0FEC291}"
EndProject
Project("{2150E333-8FDC-42A3-9474-1A3956D46DE8}") = "LINQ", "LINQ", "{456C1370-8AA9-45F4-9D33-65176FC61112}"
EndProject
Project("{FAE04EC0-301F-11D3-BF4B-00C04F79EFBC}") = "Linqsample", "LINQ\Linqsample\Linqsample.csproj", "{C1AD07C3-77C4-436E-92CF-7DB5DA0EAA87}"
EndProject
Project("{2150E333-8FDC-42A3-9474-1A3956D46DE8}") = "Chapter07", "Chapter07", "{B434BB1D-580A-4BD2-991A-F0AB2F64D2CF}"
EndProject
Project("{2150E333-8FDC-42A3-9474-1A3956D46DE8}") = "演習問題", "演習問題", "{9C29025F-8BBD-48E7-9AFF-E7F99E4956A4}"
EndProject
Project("{FAE04EC0-301F-11D3-BF4B-00C04F79EFBC}") = "Exercise01", "Chapter07\演習問題\Exercise01\Exercise01.csproj", "{BDCB4E02-25ED-91DD-F634-186635688B35}"
EndProject
Project("{FAE04EC0-301F-11D3-BF4B-00C04F79EFBC}") = "Section01", "Chapter07\Section01\Section01.csproj", "{5B2B261F-DF0A-4B60-8D0A-E976B3ABEC33}"
EndProject
Project("{FAE04EC0-301F-11D3-BF4B-00C04F79EFBC}") = "Section05", "Chapter07\Section05\Section05.csproj", "{5B8B2E23-DEB5-4363-A5DA-8E0DF039E2C8}"
EndProject
Project("{FAE04EC0-301F-11D3-BF4B-00C04F79EFBC}") = "Exercise02", "Chapter07\演習問題\Exercise02\Exercise02.csproj", "{7BCE5256-E76F-460A-86A1-8CEF60A426A8}"
EndProject
Project("{2150E333-8FDC-42A3-9474-1A3956D46DE8}") = "Chapter06", "Chapter06", "{1B219D2D-2151-47D1-A054-FB6FF4285F1B}"
EndProject
Project("{FAE04EC0-301F-11D3-BF4B-00C04F79EFBC}") = "Section01", "Chapter06\Section01\Section01.csproj", "{1D2A1B0D-11B9-4E60-B3BC-BC8E30B665FA}"
EndProject
Project("{2150E333-8FDC-42A3-9474-1A3956D46DE8}") = "演習問題", "演習問題", "{021558FE-22AA-4B3E-8152-C6D0F58014E7}"
EndProject
Project("{FAE04EC0-301F-11D3-BF4B-00C04F79EFBC}") = "Exercise01", "Chapter06\演習問題\Exercise01\Exercise01.csproj", "{7E1CE8A0-E393-419F-A5FB-505A3DD650A0}"
EndProject
Project("{FAE04EC0-301F-11D3-BF4B-00C04F79EFBC}") = "Exercise03", "Chapter06\演習問題\Exercise03\Exercise03.csproj", "{FE3E9789-5DE0-4C44-AC0F-12E326D0C111}"
EndProject
Project("{FAE04EC0-301F-11D3-BF4B-00C04F79EFBC}") = "Exercise04", "Chapter06\演習問題\Exercise04\Exercise04.csproj", "{02E9AD47-269E-4748-B9B5-0A885D7D6C6C}"
EndProject
Project("{FAE04EC0-301F-11D3-BF4B-00C04F79EFBC}") = "Exercise02", "Chapter06\演習問題\Exercise02\Exercise02.csproj", "{9605B4B8-0A34-BDE4-CFD2-F49073E3B9EF}"
EndProject
Project("{FAE04EC0-301F-11D3-BF4B-00C04F79EFBC}") = "Section03", "Chapter06\Section03\Section03.csproj", "{F74A2808-AB70-471B-B7A9-990245417E7B}"
EndProject
Project("{2150E333-8FDC-42A3-9474-1A3956D46DE8}") = "Chapter05", "Chapter05", "{79B2773D-152D-47EA-9873-28C37ADF90CA}"
EndProject
Project("{FAE04EC0-301F-11D3-BF4B-00C04F79EFBC}") = "Section01", "Chapter05\Section01\Section01.csproj", "{515AE286-5685-41D7-9522-38BC78FD5380}"
EndProject
Project("{FAE04EC0-301F-11D3-BF4B-00C04F79EFBC}") = "Section02", "Chapter05\Section02\Section02.csproj", "{6F2B9AAA-29FC-4A93-8B35-157C9A62A1C0}"
EndProject
Project("{2150E333-8FDC-42A3-9474-1A3956D46DE8}") = "演習問題", "演習問題", "{F1A80CA0-30AA-4745-9E91-2029E5A86526}"
EndProject
Project("{FAE04EC0-301F-11D3-BF4B-00C04F79EFBC}") = "Exercise01", "Chapter05\演習問題\Exercise01\Exercise01.csproj", "{55946389-6A5A-4E61-9E8B-C0E00232EF94}"
EndProject
Project("{FAE04EC0-301F-11D3-BF4B-00C04F79EFBC}") = "Exercise02", "Chapter05\演習問題\Exercise02\Exercise02.csproj", "{A68EAB11-CB19-49A3-BBCF-4A9E937A73EC}"
EndProject
Project("{2150E333-8FDC-42A3-9474-1A3956D46DE8}") = "Chapter08", "Chapter08", "{10F5EAB6-4ABB-4ED3-B9C4-EB935DB667B5}"
EndProject
Project("{2150E333-8FDC-42A3-9474-1A3956D46DE8}") = "演習問題", "演習問題", "{C0F7F46A-9298-4BBB-904D-DA048A08CD5E}"
EndProject
Project("{FAE04EC0-301F-11D3-BF4B-00C04F79EFBC}") = "Exercise01", "Chapter08\演習問題\Exercise01\Exercise01.csproj", "{1E2D1F2C-B7FF-4621-8DB1-93106974D2B0}"
EndProject
Project("{FAE04EC0-301F-11D3-BF4B-00C04F79EFBC}") = "PrefCapitalLocationSystem", "Chapter08\PrefCapitalLocationSystem\PrefCapitalLocationSystem.csproj", "{BA3B5C5E-D6A4-39ED-6760-036CDB62E249}"
EndProject
Project("{FAE04EC0-301F-11D3-BF4B-00C04F79EFBC}") = "Section03", "Chapter08\Section03\Section03.csproj", "{7C06D570-5236-67C0-200D-EFEA42F6ED6E}"
EndProject
Project("{FAE04EC0-301F-11D3-BF4B-00C04F79EFBC}") = "Exercise02", "Chapter08\Exercise02\Exercise02.csproj", "{17BDEBAD-CAC4-4BE4-8795-7E1E7F3FE59C}"
EndProject
Project("{2150E333-8FDC-42A3-9474-1A3956D46DE8}") = "Test01", "Test01", "{F1187DD4-C595-4F8C-8141-BEC5A9D95921}"
EndProject
Project("{FAE04EC0-301F-11D3-BF4B-00C04F79EFBC}") = "Test01", "Test01\Test01\Test01.csproj", "{6EF7678A-A725-F430-3097-30F090C0100A}"
EndProject
Project("{FAE04EC0-301F-11D3-BF4B-00C04F79EFBC}") = "Test02", "Test01\Test02\Test02.csproj", "{010D0C11-D6A2-3CA6-3281-4E0FD547EC2D}"
EndProject
Project("{2150E333-8FDC-42A3-9474-1A3956D46DE8}") = "Chapter09", "Chapter09", "{9084C08B-7A10-4171-A7DB-C91BA74A8B22}"
EndProject
Project("{FAE04EC0-301F-11D3-BF4B-00C04F79EFBC}") = "Section01", "Chapter09\Section01\Section01.csproj", "{77D22A6D-48CE-D50A-EDB6-272D0BC9EE0A}"
EndProject
Project("{2150E333-8FDC-42A3-9474-1A3956D46DE8}") = "演習問題", "演習問題", "{B17DDC1E-7ED7-4259-8DC2-4799FA09652F}"
EndProject
Project("{FAE04EC0-301F-11D3-BF4B-00C04F79EFBC}") = "Exercise01", "Chapter09\演習問題\Exercise01\Exercise01.csproj", "{7DE42951-159C-4EBF-A1D9-F0D2F692D113}"
EndProject
Project("{FAE04EC0-301F-11D3-BF4B-00C04F79EFBC}") = "Exercise02", "Chapter09\演習問題\Exercise02\Exercise02.csproj", "{52442FBF-AB1E-12BC-8344-0695887AC3CB}"
EndProject
Project("{FAE04EC0-301F-11D3-BF4B-00C04F79EFBC}") = "Exercise03", "Chapter09\演習問題\Exercise03\Exercise03.csproj", "{13EA441B-E72F-5CA2-D5D4-B3F52139D7CF}"
EndProject
Project("{FAE04EC0-301F-11D3-BF4B-00C04F79EFBC}") = "CarReportSystem", "FormApps\CarReportSystem\CarReportSystem.csproj", "{0B48C449-0B35-182D-2B8C-BFE6C8DF0359}"
EndProject
Project("{2150E333-8FDC-42A3-9474-1A3956D46DE8}") = "Chapter12", "Chapter12", "{930E9629-EDCA-4C5E-85C5-2B9CD6FF7906}"
EndProject
Project("{2150E333-8FDC-42A3-9474-1A3956D46DE8}") = "演習問題", "演習問題", "{E43BC5B7-4CA9-4B5E-8EC5-C38E61B5D9A9}"
EndProject
Project("{FAE04EC0-301F-11D3-BF4B-00C04F79EFBC}") = "Section01", "Chapter12\演習問題\Section01\Section01.csproj", "{CF83918A-5C7A-48C7-9603-55612C1F9E19}"
EndProject
Project("{FAE04EC0-301F-11D3-BF4B-00C04F79EFBC}") = "Exercise01", "Chapter12\演習問題\Exercise01\Exercise01.csproj", "{43237A11-3B28-4B54-A4E1-6C22FC32474C}"
EndProject
Project("{FAE04EC0-301F-11D3-BF4B-00C04F79EFBC}") = "Exercise02", "Chapter12\演習問題\Exercise02\Exercise02.csproj", "{F01C3B69-9D05-4BEF-26EB-57BAD926097B}"
EndProject
Project("{FAE04EC0-301F-11D3-BF4B-00C04F79EFBC}") = "Exercise03", "Chapter12\演習問題\Exercise03\Exercise03.csproj", "{414DFFD5-4A0F-DD91-933A-D9585859A325}"
EndProject
Project("{FAE04EC0-301F-11D3-BF4B-00C04F79EFBC}") = "RssReader", "FormApps\RssReader\RssReader.csproj", "{932CCF43-2E3F-4661-8FF1-4EF3D6E0C329}"
EndProject
Project("{2150E333-8FDC-42A3-9474-1A3956D46DE8}") = "Chapter11", "Chapter11", "{DA9D1565-4B06-46A4-BF69-1FA6A5B72CA6}"
EndProject
Project("{2150E333-8FDC-42A3-9474-1A3956D46DE8}") = "演習問題", "演習問題", "{228B471E-BF42-4909-ADAB-F99F33D4B960}"
EndProject
Project("{FAE04EC0-301F-11D3-BF4B-00C04F79EFBC}") = "Section02", "Chapter11\Section02\Section02.csproj", "{E9A17AA2-A822-DBAD-5B94-1AAA6BD0E0AF}"
EndProject
Project("{FAE04EC0-301F-11D3-BF4B-00C04F79EFBC}") = "Section03", "Chapter11\Section03\Section03.csproj", "{CE019649-9318-73D8-8F70-F3DCB6317432}"
EndProject
Project("{FAE04EC0-301F-11D3-BF4B-00C04F79EFBC}") = "Exercise01", "Chapter11\演習問題\Exercise01\Exercise01.csproj", "{B3F3FE81-4330-0B4C-2412-6F395A20D39D}"
EndProject
Project("{FAE04EC0-301F-11D3-BF4B-00C04F79EFBC}") = "Exercise02", "Chapter11\演習問題\Exercise02\Exercise02.csproj", "{3F3CABB3-E67F-D927-7417-80D1CBAF004A}"
EndProject
Project("{FAE04EC0-301F-11D3-BF4B-00C04F79EFBC}") = "Exercise03", "Chapter11\演習問題\Exercise03\Exercise03.csproj", "{61BA74EB-20AE-BBB9-0771-8ECBE7D18BD5}"
EndProject
Project("{FAE04EC0-301F-11D3-BF4B-00C04F79EFBC}") = "Section04", "Chapter11\Section04\Section04.csproj", "{E5B59763-EB45-4730-9BB8-C179E17B05B5}"
EndProject
Project("{FAE04EC0-301F-11D3-BF4B-00C04F79EFBC}") = "Exercise05", "Chapter11\演習問題\Exercise05\Exercise05.csproj", "{BD535E65-2F62-8086-BEED-98B08915E0BE}"
EndProject
Project("{2150E333-8FDC-42A3-9474-1A3956D46DE8}") = "WPF", "WPF", "{2E8E922F-3413-45B0-88C8-7E76CEFEC30F}"
EndProject
Project("{FAE04EC0-301F-11D3-BF4B-00C04F79EFBC}") = "SampleApplication", "WPF\SampleApplication\SampleApplication.csproj", "{378018DC-E42D-4512-A5E4-D65B41D2A0DA}"
EndProject
Project("{FAE04EC0-301F-11D3-BF4B-00C04F79EFBC}") = "SampleSlider", "WPF\SampleSlider\SampleSlider.csproj", "{276119D8-B497-4140-9C52-70568965CF37}"
EndProject
Project("{FAE04EC0-301F-11D3-BF4B-00C04F79EFBC}") = "ColorChecker", "WPF\ColorChecker\ColorChecker.csproj", "{3497405E-4C86-4FA5-B373-8EF63EF13440}"
EndProject
Global
	GlobalSection(SolutionConfigurationPlatforms) = preSolution
		Debug|Any CPU = Debug|Any CPU
		Release|Any CPU = Release|Any CPU
	EndGlobalSection
	GlobalSection(ProjectConfigurationPlatforms) = postSolution
		{33AEA8B7-79FE-4E16-B6D8-B3D2228DCFF6}.Debug|Any CPU.ActiveCfg = Debug|Any CPU
		{33AEA8B7-79FE-4E16-B6D8-B3D2228DCFF6}.Debug|Any CPU.Build.0 = Debug|Any CPU
		{33AEA8B7-79FE-4E16-B6D8-B3D2228DCFF6}.Release|Any CPU.ActiveCfg = Release|Any CPU
		{33AEA8B7-79FE-4E16-B6D8-B3D2228DCFF6}.Release|Any CPU.Build.0 = Release|Any CPU
		{906AB0A4-EACE-4405-932B-151382A44386}.Debug|Any CPU.ActiveCfg = Debug|Any CPU
		{906AB0A4-EACE-4405-932B-151382A44386}.Debug|Any CPU.Build.0 = Debug|Any CPU
		{906AB0A4-EACE-4405-932B-151382A44386}.Release|Any CPU.ActiveCfg = Release|Any CPU
		{906AB0A4-EACE-4405-932B-151382A44386}.Release|Any CPU.Build.0 = Release|Any CPU
		{C4011104-BD0F-404D-8AC7-4F3AE51EBA1F}.Debug|Any CPU.ActiveCfg = Debug|Any CPU
		{C4011104-BD0F-404D-8AC7-4F3AE51EBA1F}.Debug|Any CPU.Build.0 = Debug|Any CPU
		{C4011104-BD0F-404D-8AC7-4F3AE51EBA1F}.Release|Any CPU.ActiveCfg = Release|Any CPU
		{C4011104-BD0F-404D-8AC7-4F3AE51EBA1F}.Release|Any CPU.Build.0 = Release|Any CPU
		{F6B2ABA8-E510-4C57-9DE3-A3D793E9E5C3}.Debug|Any CPU.ActiveCfg = Debug|Any CPU
		{F6B2ABA8-E510-4C57-9DE3-A3D793E9E5C3}.Debug|Any CPU.Build.0 = Debug|Any CPU
		{F6B2ABA8-E510-4C57-9DE3-A3D793E9E5C3}.Release|Any CPU.ActiveCfg = Release|Any CPU
		{F6B2ABA8-E510-4C57-9DE3-A3D793E9E5C3}.Release|Any CPU.Build.0 = Release|Any CPU
		{3885315E-D566-4B81-AC6C-926FC39089B1}.Debug|Any CPU.ActiveCfg = Debug|Any CPU
		{3885315E-D566-4B81-AC6C-926FC39089B1}.Debug|Any CPU.Build.0 = Debug|Any CPU
		{3885315E-D566-4B81-AC6C-926FC39089B1}.Release|Any CPU.ActiveCfg = Release|Any CPU
		{3885315E-D566-4B81-AC6C-926FC39089B1}.Release|Any CPU.Build.0 = Release|Any CPU
		{6F278112-CFC6-40B1-A8ED-7E32777EE4C1}.Debug|Any CPU.ActiveCfg = Debug|Any CPU
		{6F278112-CFC6-40B1-A8ED-7E32777EE4C1}.Debug|Any CPU.Build.0 = Debug|Any CPU
		{6F278112-CFC6-40B1-A8ED-7E32777EE4C1}.Release|Any CPU.ActiveCfg = Release|Any CPU
		{6F278112-CFC6-40B1-A8ED-7E32777EE4C1}.Release|Any CPU.Build.0 = Release|Any CPU
		{553D0F0B-6411-4E5A-B39D-A9A375644906}.Debug|Any CPU.ActiveCfg = Debug|Any CPU
		{553D0F0B-6411-4E5A-B39D-A9A375644906}.Debug|Any CPU.Build.0 = Debug|Any CPU
		{553D0F0B-6411-4E5A-B39D-A9A375644906}.Release|Any CPU.ActiveCfg = Release|Any CPU
		{553D0F0B-6411-4E5A-B39D-A9A375644906}.Release|Any CPU.Build.0 = Release|Any CPU
		{E0837CD2-2EEF-4295-A752-E7732FE26AD2}.Debug|Any CPU.ActiveCfg = Debug|Any CPU
		{E0837CD2-2EEF-4295-A752-E7732FE26AD2}.Debug|Any CPU.Build.0 = Debug|Any CPU
		{E0837CD2-2EEF-4295-A752-E7732FE26AD2}.Release|Any CPU.ActiveCfg = Release|Any CPU
		{E0837CD2-2EEF-4295-A752-E7732FE26AD2}.Release|Any CPU.Build.0 = Release|Any CPU
		{485B5C7C-9BC9-4729-A0CE-EF5C9FAA9A9B}.Debug|Any CPU.ActiveCfg = Debug|Any CPU
		{485B5C7C-9BC9-4729-A0CE-EF5C9FAA9A9B}.Debug|Any CPU.Build.0 = Debug|Any CPU
		{485B5C7C-9BC9-4729-A0CE-EF5C9FAA9A9B}.Release|Any CPU.ActiveCfg = Release|Any CPU
		{485B5C7C-9BC9-4729-A0CE-EF5C9FAA9A9B}.Release|Any CPU.Build.0 = Release|Any CPU
		{5ABB0DF2-4962-4157-ADAE-D9E628A2ED06}.Debug|Any CPU.ActiveCfg = Debug|Any CPU
		{5ABB0DF2-4962-4157-ADAE-D9E628A2ED06}.Debug|Any CPU.Build.0 = Debug|Any CPU
		{5ABB0DF2-4962-4157-ADAE-D9E628A2ED06}.Release|Any CPU.ActiveCfg = Release|Any CPU
		{5ABB0DF2-4962-4157-ADAE-D9E628A2ED06}.Release|Any CPU.Build.0 = Release|Any CPU
		{0F9DF688-74BB-4E5F-800E-3932E227FAFA}.Debug|Any CPU.ActiveCfg = Debug|Any CPU
		{0F9DF688-74BB-4E5F-800E-3932E227FAFA}.Debug|Any CPU.Build.0 = Debug|Any CPU
		{0F9DF688-74BB-4E5F-800E-3932E227FAFA}.Release|Any CPU.ActiveCfg = Release|Any CPU
		{0F9DF688-74BB-4E5F-800E-3932E227FAFA}.Release|Any CPU.Build.0 = Release|Any CPU
		{3A95A141-AAD8-CCAB-6F75-1E63A7123829}.Debug|Any CPU.ActiveCfg = Debug|Any CPU
		{3A95A141-AAD8-CCAB-6F75-1E63A7123829}.Debug|Any CPU.Build.0 = Debug|Any CPU
		{3A95A141-AAD8-CCAB-6F75-1E63A7123829}.Release|Any CPU.ActiveCfg = Release|Any CPU
		{3A95A141-AAD8-CCAB-6F75-1E63A7123829}.Release|Any CPU.Build.0 = Release|Any CPU
		{94DD345E-7CED-4741-C3E7-505B445CE161}.Debug|Any CPU.ActiveCfg = Debug|Any CPU
		{94DD345E-7CED-4741-C3E7-505B445CE161}.Debug|Any CPU.Build.0 = Debug|Any CPU
		{94DD345E-7CED-4741-C3E7-505B445CE161}.Release|Any CPU.ActiveCfg = Release|Any CPU
		{94DD345E-7CED-4741-C3E7-505B445CE161}.Release|Any CPU.Build.0 = Release|Any CPU
		{C1D63E63-E64B-FCB7-4276-5EBCB0FEC291}.Debug|Any CPU.ActiveCfg = Debug|Any CPU
		{C1D63E63-E64B-FCB7-4276-5EBCB0FEC291}.Debug|Any CPU.Build.0 = Debug|Any CPU
		{C1D63E63-E64B-FCB7-4276-5EBCB0FEC291}.Release|Any CPU.ActiveCfg = Release|Any CPU
		{C1D63E63-E64B-FCB7-4276-5EBCB0FEC291}.Release|Any CPU.Build.0 = Release|Any CPU
		{C1AD07C3-77C4-436E-92CF-7DB5DA0EAA87}.Debug|Any CPU.ActiveCfg = Debug|Any CPU
		{C1AD07C3-77C4-436E-92CF-7DB5DA0EAA87}.Debug|Any CPU.Build.0 = Debug|Any CPU
		{C1AD07C3-77C4-436E-92CF-7DB5DA0EAA87}.Release|Any CPU.ActiveCfg = Release|Any CPU
		{C1AD07C3-77C4-436E-92CF-7DB5DA0EAA87}.Release|Any CPU.Build.0 = Release|Any CPU
		{BDCB4E02-25ED-91DD-F634-186635688B35}.Debug|Any CPU.ActiveCfg = Debug|Any CPU
		{BDCB4E02-25ED-91DD-F634-186635688B35}.Debug|Any CPU.Build.0 = Debug|Any CPU
		{BDCB4E02-25ED-91DD-F634-186635688B35}.Release|Any CPU.ActiveCfg = Release|Any CPU
		{BDCB4E02-25ED-91DD-F634-186635688B35}.Release|Any CPU.Build.0 = Release|Any CPU
		{5B2B261F-DF0A-4B60-8D0A-E976B3ABEC33}.Debug|Any CPU.ActiveCfg = Debug|Any CPU
		{5B2B261F-DF0A-4B60-8D0A-E976B3ABEC33}.Debug|Any CPU.Build.0 = Debug|Any CPU
		{5B2B261F-DF0A-4B60-8D0A-E976B3ABEC33}.Release|Any CPU.ActiveCfg = Release|Any CPU
		{5B2B261F-DF0A-4B60-8D0A-E976B3ABEC33}.Release|Any CPU.Build.0 = Release|Any CPU
		{5B8B2E23-DEB5-4363-A5DA-8E0DF039E2C8}.Debug|Any CPU.ActiveCfg = Debug|Any CPU
		{5B8B2E23-DEB5-4363-A5DA-8E0DF039E2C8}.Debug|Any CPU.Build.0 = Debug|Any CPU
		{5B8B2E23-DEB5-4363-A5DA-8E0DF039E2C8}.Release|Any CPU.ActiveCfg = Release|Any CPU
		{5B8B2E23-DEB5-4363-A5DA-8E0DF039E2C8}.Release|Any CPU.Build.0 = Release|Any CPU
		{7BCE5256-E76F-460A-86A1-8CEF60A426A8}.Debug|Any CPU.ActiveCfg = Debug|Any CPU
		{7BCE5256-E76F-460A-86A1-8CEF60A426A8}.Debug|Any CPU.Build.0 = Debug|Any CPU
		{7BCE5256-E76F-460A-86A1-8CEF60A426A8}.Release|Any CPU.ActiveCfg = Release|Any CPU
		{7BCE5256-E76F-460A-86A1-8CEF60A426A8}.Release|Any CPU.Build.0 = Release|Any CPU
		{1D2A1B0D-11B9-4E60-B3BC-BC8E30B665FA}.Debug|Any CPU.ActiveCfg = Debug|Any CPU
		{1D2A1B0D-11B9-4E60-B3BC-BC8E30B665FA}.Debug|Any CPU.Build.0 = Debug|Any CPU
		{1D2A1B0D-11B9-4E60-B3BC-BC8E30B665FA}.Release|Any CPU.ActiveCfg = Release|Any CPU
		{1D2A1B0D-11B9-4E60-B3BC-BC8E30B665FA}.Release|Any CPU.Build.0 = Release|Any CPU
		{7E1CE8A0-E393-419F-A5FB-505A3DD650A0}.Debug|Any CPU.ActiveCfg = Debug|Any CPU
		{7E1CE8A0-E393-419F-A5FB-505A3DD650A0}.Debug|Any CPU.Build.0 = Debug|Any CPU
		{7E1CE8A0-E393-419F-A5FB-505A3DD650A0}.Release|Any CPU.ActiveCfg = Release|Any CPU
		{7E1CE8A0-E393-419F-A5FB-505A3DD650A0}.Release|Any CPU.Build.0 = Release|Any CPU
		{FE3E9789-5DE0-4C44-AC0F-12E326D0C111}.Debug|Any CPU.ActiveCfg = Debug|Any CPU
		{FE3E9789-5DE0-4C44-AC0F-12E326D0C111}.Debug|Any CPU.Build.0 = Debug|Any CPU
		{FE3E9789-5DE0-4C44-AC0F-12E326D0C111}.Release|Any CPU.ActiveCfg = Release|Any CPU
		{FE3E9789-5DE0-4C44-AC0F-12E326D0C111}.Release|Any CPU.Build.0 = Release|Any CPU
		{02E9AD47-269E-4748-B9B5-0A885D7D6C6C}.Debug|Any CPU.ActiveCfg = Debug|Any CPU
		{02E9AD47-269E-4748-B9B5-0A885D7D6C6C}.Debug|Any CPU.Build.0 = Debug|Any CPU
		{02E9AD47-269E-4748-B9B5-0A885D7D6C6C}.Release|Any CPU.ActiveCfg = Release|Any CPU
		{02E9AD47-269E-4748-B9B5-0A885D7D6C6C}.Release|Any CPU.Build.0 = Release|Any CPU
		{9605B4B8-0A34-BDE4-CFD2-F49073E3B9EF}.Debug|Any CPU.ActiveCfg = Debug|Any CPU
		{9605B4B8-0A34-BDE4-CFD2-F49073E3B9EF}.Debug|Any CPU.Build.0 = Debug|Any CPU
		{9605B4B8-0A34-BDE4-CFD2-F49073E3B9EF}.Release|Any CPU.ActiveCfg = Release|Any CPU
		{9605B4B8-0A34-BDE4-CFD2-F49073E3B9EF}.Release|Any CPU.Build.0 = Release|Any CPU
		{F74A2808-AB70-471B-B7A9-990245417E7B}.Debug|Any CPU.ActiveCfg = Debug|Any CPU
		{F74A2808-AB70-471B-B7A9-990245417E7B}.Debug|Any CPU.Build.0 = Debug|Any CPU
		{F74A2808-AB70-471B-B7A9-990245417E7B}.Release|Any CPU.ActiveCfg = Release|Any CPU
		{F74A2808-AB70-471B-B7A9-990245417E7B}.Release|Any CPU.Build.0 = Release|Any CPU
		{515AE286-5685-41D7-9522-38BC78FD5380}.Debug|Any CPU.ActiveCfg = Debug|Any CPU
		{515AE286-5685-41D7-9522-38BC78FD5380}.Debug|Any CPU.Build.0 = Debug|Any CPU
		{515AE286-5685-41D7-9522-38BC78FD5380}.Release|Any CPU.ActiveCfg = Release|Any CPU
		{515AE286-5685-41D7-9522-38BC78FD5380}.Release|Any CPU.Build.0 = Release|Any CPU
		{6F2B9AAA-29FC-4A93-8B35-157C9A62A1C0}.Debug|Any CPU.ActiveCfg = Debug|Any CPU
		{6F2B9AAA-29FC-4A93-8B35-157C9A62A1C0}.Debug|Any CPU.Build.0 = Debug|Any CPU
		{6F2B9AAA-29FC-4A93-8B35-157C9A62A1C0}.Release|Any CPU.ActiveCfg = Release|Any CPU
		{6F2B9AAA-29FC-4A93-8B35-157C9A62A1C0}.Release|Any CPU.Build.0 = Release|Any CPU
		{55946389-6A5A-4E61-9E8B-C0E00232EF94}.Debug|Any CPU.ActiveCfg = Debug|Any CPU
		{55946389-6A5A-4E61-9E8B-C0E00232EF94}.Debug|Any CPU.Build.0 = Debug|Any CPU
		{55946389-6A5A-4E61-9E8B-C0E00232EF94}.Release|Any CPU.ActiveCfg = Release|Any CPU
		{55946389-6A5A-4E61-9E8B-C0E00232EF94}.Release|Any CPU.Build.0 = Release|Any CPU
		{A68EAB11-CB19-49A3-BBCF-4A9E937A73EC}.Debug|Any CPU.ActiveCfg = Debug|Any CPU
		{A68EAB11-CB19-49A3-BBCF-4A9E937A73EC}.Debug|Any CPU.Build.0 = Debug|Any CPU
		{A68EAB11-CB19-49A3-BBCF-4A9E937A73EC}.Release|Any CPU.ActiveCfg = Release|Any CPU
		{A68EAB11-CB19-49A3-BBCF-4A9E937A73EC}.Release|Any CPU.Build.0 = Release|Any CPU
		{1E2D1F2C-B7FF-4621-8DB1-93106974D2B0}.Debug|Any CPU.ActiveCfg = Debug|Any CPU
		{1E2D1F2C-B7FF-4621-8DB1-93106974D2B0}.Debug|Any CPU.Build.0 = Debug|Any CPU
		{1E2D1F2C-B7FF-4621-8DB1-93106974D2B0}.Release|Any CPU.ActiveCfg = Release|Any CPU
		{1E2D1F2C-B7FF-4621-8DB1-93106974D2B0}.Release|Any CPU.Build.0 = Release|Any CPU
		{BA3B5C5E-D6A4-39ED-6760-036CDB62E249}.Debug|Any CPU.ActiveCfg = Debug|Any CPU
		{BA3B5C5E-D6A4-39ED-6760-036CDB62E249}.Debug|Any CPU.Build.0 = Debug|Any CPU
		{BA3B5C5E-D6A4-39ED-6760-036CDB62E249}.Release|Any CPU.ActiveCfg = Release|Any CPU
		{BA3B5C5E-D6A4-39ED-6760-036CDB62E249}.Release|Any CPU.Build.0 = Release|Any CPU
		{7C06D570-5236-67C0-200D-EFEA42F6ED6E}.Debug|Any CPU.ActiveCfg = Debug|Any CPU
		{7C06D570-5236-67C0-200D-EFEA42F6ED6E}.Debug|Any CPU.Build.0 = Debug|Any CPU
		{7C06D570-5236-67C0-200D-EFEA42F6ED6E}.Release|Any CPU.ActiveCfg = Release|Any CPU
		{7C06D570-5236-67C0-200D-EFEA42F6ED6E}.Release|Any CPU.Build.0 = Release|Any CPU
		{17BDEBAD-CAC4-4BE4-8795-7E1E7F3FE59C}.Debug|Any CPU.ActiveCfg = Debug|Any CPU
		{17BDEBAD-CAC4-4BE4-8795-7E1E7F3FE59C}.Debug|Any CPU.Build.0 = Debug|Any CPU
		{17BDEBAD-CAC4-4BE4-8795-7E1E7F3FE59C}.Release|Any CPU.ActiveCfg = Release|Any CPU
		{17BDEBAD-CAC4-4BE4-8795-7E1E7F3FE59C}.Release|Any CPU.Build.0 = Release|Any CPU
		{6EF7678A-A725-F430-3097-30F090C0100A}.Debug|Any CPU.ActiveCfg = Debug|Any CPU
		{6EF7678A-A725-F430-3097-30F090C0100A}.Debug|Any CPU.Build.0 = Debug|Any CPU
		{6EF7678A-A725-F430-3097-30F090C0100A}.Release|Any CPU.ActiveCfg = Release|Any CPU
		{6EF7678A-A725-F430-3097-30F090C0100A}.Release|Any CPU.Build.0 = Release|Any CPU
		{010D0C11-D6A2-3CA6-3281-4E0FD547EC2D}.Debug|Any CPU.ActiveCfg = Debug|Any CPU
		{010D0C11-D6A2-3CA6-3281-4E0FD547EC2D}.Debug|Any CPU.Build.0 = Debug|Any CPU
		{010D0C11-D6A2-3CA6-3281-4E0FD547EC2D}.Release|Any CPU.ActiveCfg = Release|Any CPU
		{010D0C11-D6A2-3CA6-3281-4E0FD547EC2D}.Release|Any CPU.Build.0 = Release|Any CPU
		{77D22A6D-48CE-D50A-EDB6-272D0BC9EE0A}.Debug|Any CPU.ActiveCfg = Debug|Any CPU
		{77D22A6D-48CE-D50A-EDB6-272D0BC9EE0A}.Debug|Any CPU.Build.0 = Debug|Any CPU
		{77D22A6D-48CE-D50A-EDB6-272D0BC9EE0A}.Release|Any CPU.ActiveCfg = Release|Any CPU
		{77D22A6D-48CE-D50A-EDB6-272D0BC9EE0A}.Release|Any CPU.Build.0 = Release|Any CPU
		{7DE42951-159C-4EBF-A1D9-F0D2F692D113}.Debug|Any CPU.ActiveCfg = Debug|Any CPU
		{7DE42951-159C-4EBF-A1D9-F0D2F692D113}.Debug|Any CPU.Build.0 = Debug|Any CPU
		{7DE42951-159C-4EBF-A1D9-F0D2F692D113}.Release|Any CPU.ActiveCfg = Release|Any CPU
		{7DE42951-159C-4EBF-A1D9-F0D2F692D113}.Release|Any CPU.Build.0 = Release|Any CPU
		{52442FBF-AB1E-12BC-8344-0695887AC3CB}.Debug|Any CPU.ActiveCfg = Debug|Any CPU
		{52442FBF-AB1E-12BC-8344-0695887AC3CB}.Debug|Any CPU.Build.0 = Debug|Any CPU
		{52442FBF-AB1E-12BC-8344-0695887AC3CB}.Release|Any CPU.ActiveCfg = Release|Any CPU
		{52442FBF-AB1E-12BC-8344-0695887AC3CB}.Release|Any CPU.Build.0 = Release|Any CPU
		{13EA441B-E72F-5CA2-D5D4-B3F52139D7CF}.Debug|Any CPU.ActiveCfg = Debug|Any CPU
		{13EA441B-E72F-5CA2-D5D4-B3F52139D7CF}.Debug|Any CPU.Build.0 = Debug|Any CPU
		{13EA441B-E72F-5CA2-D5D4-B3F52139D7CF}.Release|Any CPU.ActiveCfg = Release|Any CPU
		{13EA441B-E72F-5CA2-D5D4-B3F52139D7CF}.Release|Any CPU.Build.0 = Release|Any CPU
		{0B48C449-0B35-182D-2B8C-BFE6C8DF0359}.Debug|Any CPU.ActiveCfg = Debug|Any CPU
		{0B48C449-0B35-182D-2B8C-BFE6C8DF0359}.Debug|Any CPU.Build.0 = Debug|Any CPU
		{0B48C449-0B35-182D-2B8C-BFE6C8DF0359}.Release|Any CPU.ActiveCfg = Release|Any CPU
		{0B48C449-0B35-182D-2B8C-BFE6C8DF0359}.Release|Any CPU.Build.0 = Release|Any CPU
		{CF83918A-5C7A-48C7-9603-55612C1F9E19}.Debug|Any CPU.ActiveCfg = Debug|Any CPU
		{CF83918A-5C7A-48C7-9603-55612C1F9E19}.Debug|Any CPU.Build.0 = Debug|Any CPU
		{CF83918A-5C7A-48C7-9603-55612C1F9E19}.Release|Any CPU.ActiveCfg = Release|Any CPU
		{CF83918A-5C7A-48C7-9603-55612C1F9E19}.Release|Any CPU.Build.0 = Release|Any CPU
		{43237A11-3B28-4B54-A4E1-6C22FC32474C}.Debug|Any CPU.ActiveCfg = Debug|Any CPU
		{43237A11-3B28-4B54-A4E1-6C22FC32474C}.Debug|Any CPU.Build.0 = Debug|Any CPU
		{43237A11-3B28-4B54-A4E1-6C22FC32474C}.Release|Any CPU.ActiveCfg = Release|Any CPU
		{43237A11-3B28-4B54-A4E1-6C22FC32474C}.Release|Any CPU.Build.0 = Release|Any CPU
		{F01C3B69-9D05-4BEF-26EB-57BAD926097B}.Debug|Any CPU.ActiveCfg = Debug|Any CPU
		{F01C3B69-9D05-4BEF-26EB-57BAD926097B}.Debug|Any CPU.Build.0 = Debug|Any CPU
		{F01C3B69-9D05-4BEF-26EB-57BAD926097B}.Release|Any CPU.ActiveCfg = Release|Any CPU
		{F01C3B69-9D05-4BEF-26EB-57BAD926097B}.Release|Any CPU.Build.0 = Release|Any CPU
		{414DFFD5-4A0F-DD91-933A-D9585859A325}.Debug|Any CPU.ActiveCfg = Debug|Any CPU
		{414DFFD5-4A0F-DD91-933A-D9585859A325}.Debug|Any CPU.Build.0 = Debug|Any CPU
		{414DFFD5-4A0F-DD91-933A-D9585859A325}.Release|Any CPU.ActiveCfg = Release|Any CPU
		{414DFFD5-4A0F-DD91-933A-D9585859A325}.Release|Any CPU.Build.0 = Release|Any CPU
		{932CCF43-2E3F-4661-8FF1-4EF3D6E0C329}.Debug|Any CPU.ActiveCfg = Debug|Any CPU
		{932CCF43-2E3F-4661-8FF1-4EF3D6E0C329}.Debug|Any CPU.Build.0 = Debug|Any CPU
		{932CCF43-2E3F-4661-8FF1-4EF3D6E0C329}.Release|Any CPU.ActiveCfg = Release|Any CPU
		{932CCF43-2E3F-4661-8FF1-4EF3D6E0C329}.Release|Any CPU.Build.0 = Release|Any CPU
		{E9A17AA2-A822-DBAD-5B94-1AAA6BD0E0AF}.Debug|Any CPU.ActiveCfg = Debug|Any CPU
		{E9A17AA2-A822-DBAD-5B94-1AAA6BD0E0AF}.Debug|Any CPU.Build.0 = Debug|Any CPU
		{E9A17AA2-A822-DBAD-5B94-1AAA6BD0E0AF}.Release|Any CPU.ActiveCfg = Release|Any CPU
		{E9A17AA2-A822-DBAD-5B94-1AAA6BD0E0AF}.Release|Any CPU.Build.0 = Release|Any CPU
		{CE019649-9318-73D8-8F70-F3DCB6317432}.Debug|Any CPU.ActiveCfg = Debug|Any CPU
		{CE019649-9318-73D8-8F70-F3DCB6317432}.Debug|Any CPU.Build.0 = Debug|Any CPU
		{CE019649-9318-73D8-8F70-F3DCB6317432}.Release|Any CPU.ActiveCfg = Release|Any CPU
		{CE019649-9318-73D8-8F70-F3DCB6317432}.Release|Any CPU.Build.0 = Release|Any CPU
		{B3F3FE81-4330-0B4C-2412-6F395A20D39D}.Debug|Any CPU.ActiveCfg = Debug|Any CPU
		{B3F3FE81-4330-0B4C-2412-6F395A20D39D}.Debug|Any CPU.Build.0 = Debug|Any CPU
		{B3F3FE81-4330-0B4C-2412-6F395A20D39D}.Release|Any CPU.ActiveCfg = Release|Any CPU
		{B3F3FE81-4330-0B4C-2412-6F395A20D39D}.Release|Any CPU.Build.0 = Release|Any CPU
		{3F3CABB3-E67F-D927-7417-80D1CBAF004A}.Debug|Any CPU.ActiveCfg = Debug|Any CPU
		{3F3CABB3-E67F-D927-7417-80D1CBAF004A}.Debug|Any CPU.Build.0 = Debug|Any CPU
		{3F3CABB3-E67F-D927-7417-80D1CBAF004A}.Release|Any CPU.ActiveCfg = Release|Any CPU
		{3F3CABB3-E67F-D927-7417-80D1CBAF004A}.Release|Any CPU.Build.0 = Release|Any CPU
		{61BA74EB-20AE-BBB9-0771-8ECBE7D18BD5}.Debug|Any CPU.ActiveCfg = Debug|Any CPU
		{61BA74EB-20AE-BBB9-0771-8ECBE7D18BD5}.Debug|Any CPU.Build.0 = Debug|Any CPU
		{61BA74EB-20AE-BBB9-0771-8ECBE7D18BD5}.Release|Any CPU.ActiveCfg = Release|Any CPU
		{61BA74EB-20AE-BBB9-0771-8ECBE7D18BD5}.Release|Any CPU.Build.0 = Release|Any CPU
		{E5B59763-EB45-4730-9BB8-C179E17B05B5}.Debug|Any CPU.ActiveCfg = Debug|Any CPU
		{E5B59763-EB45-4730-9BB8-C179E17B05B5}.Debug|Any CPU.Build.0 = Debug|Any CPU
		{E5B59763-EB45-4730-9BB8-C179E17B05B5}.Release|Any CPU.ActiveCfg = Release|Any CPU
		{E5B59763-EB45-4730-9BB8-C179E17B05B5}.Release|Any CPU.Build.0 = Release|Any CPU
		{BD535E65-2F62-8086-BEED-98B08915E0BE}.Debug|Any CPU.ActiveCfg = Debug|Any CPU
		{BD535E65-2F62-8086-BEED-98B08915E0BE}.Debug|Any CPU.Build.0 = Debug|Any CPU
		{BD535E65-2F62-8086-BEED-98B08915E0BE}.Release|Any CPU.ActiveCfg = Release|Any CPU
		{BD535E65-2F62-8086-BEED-98B08915E0BE}.Release|Any CPU.Build.0 = Release|Any CPU
		{378018DC-E42D-4512-A5E4-D65B41D2A0DA}.Debug|Any CPU.ActiveCfg = Debug|Any CPU
		{378018DC-E42D-4512-A5E4-D65B41D2A0DA}.Debug|Any CPU.Build.0 = Debug|Any CPU
		{378018DC-E42D-4512-A5E4-D65B41D2A0DA}.Release|Any CPU.ActiveCfg = Release|Any CPU
		{378018DC-E42D-4512-A5E4-D65B41D2A0DA}.Release|Any CPU.Build.0 = Release|Any CPU
		{276119D8-B497-4140-9C52-70568965CF37}.Debug|Any CPU.ActiveCfg = Debug|Any CPU
		{276119D8-B497-4140-9C52-70568965CF37}.Debug|Any CPU.Build.0 = Debug|Any CPU
		{276119D8-B497-4140-9C52-70568965CF37}.Release|Any CPU.ActiveCfg = Release|Any CPU
		{276119D8-B497-4140-9C52-70568965CF37}.Release|Any CPU.Build.0 = Release|Any CPU
		{3497405E-4C86-4FA5-B373-8EF63EF13440}.Debug|Any CPU.ActiveCfg = Debug|Any CPU
		{3497405E-4C86-4FA5-B373-8EF63EF13440}.Debug|Any CPU.Build.0 = Debug|Any CPU
		{3497405E-4C86-4FA5-B373-8EF63EF13440}.Release|Any CPU.ActiveCfg = Release|Any CPU
		{3497405E-4C86-4FA5-B373-8EF63EF13440}.Release|Any CPU.Build.0 = Release|Any CPU
	EndGlobalSection
	GlobalSection(SolutionProperties) = preSolution
		HideSolutionNode = FALSE
	EndGlobalSection
	GlobalSection(NestedProjects) = preSolution
		{33AEA8B7-79FE-4E16-B6D8-B3D2228DCFF6} = {DDB4EF12-CC4E-5E88-E6FC-71A802F4DE97}
		{906AB0A4-EACE-4405-932B-151382A44386} = {36B3FBF3-566A-4D8B-9EDB-C7FBBD6DBE6A}
		{2E1B4D82-65F3-47D9-A6A3-8C7838019E95} = {2DE26CC1-BD5C-4D5E-BC30-8E9FDD6C2313}
		{C4011104-BD0F-404D-8AC7-4F3AE51EBA1F} = {2E1B4D82-65F3-47D9-A6A3-8C7838019E95}
		{36B3FBF3-566A-4D8B-9EDB-C7FBBD6DBE6A} = {2DE26CC1-BD5C-4D5E-BC30-8E9FDD6C2313}
		{F6B2ABA8-E510-4C57-9DE3-A3D793E9E5C3} = {8760A637-8C6D-4AA2-97EF-B2E4B6A84277}
		{3885315E-D566-4B81-AC6C-926FC39089B1} = {8760A637-8C6D-4AA2-97EF-B2E4B6A84277}
		{29853736-0E72-4435-AEB7-C70247D17B2F} = {2DE26CC1-BD5C-4D5E-BC30-8E9FDD6C2313}
		{6F278112-CFC6-40B1-A8ED-7E32777EE4C1} = {29853736-0E72-4435-AEB7-C70247D17B2F}
		{553D0F0B-6411-4E5A-B39D-A9A375644906} = {2E1B4D82-65F3-47D9-A6A3-8C7838019E95}
		{E0837CD2-2EEF-4295-A752-E7732FE26AD2} = {3A4CDE5D-5C91-4DE2-B3F2-08AB209BD18D}
		{4AA26DF5-5D2A-4287-BFA0-8D0935829EDB} = {3A4CDE5D-5C91-4DE2-B3F2-08AB209BD18D}
		{485B5C7C-9BC9-4729-A0CE-EF5C9FAA9A9B} = {4AA26DF5-5D2A-4287-BFA0-8D0935829EDB}
		{5ABB0DF2-4962-4157-ADAE-D9E628A2ED06} = {3A4CDE5D-5C91-4DE2-B3F2-08AB209BD18D}
		{0F9DF688-74BB-4E5F-800E-3932E227FAFA} = {4AA26DF5-5D2A-4287-BFA0-8D0935829EDB}
		{3A95A141-AAD8-CCAB-6F75-1E63A7123829} = {490DA157-69CB-4740-B3DE-E1A8B28814B0}
		{002AC47D-3538-4478-9D4D-0E9A76A676FD} = {490DA157-69CB-4740-B3DE-E1A8B28814B0}
		{94DD345E-7CED-4741-C3E7-505B445CE161} = {002AC47D-3538-4478-9D4D-0E9A76A676FD}
		{C1D63E63-E64B-FCB7-4276-5EBCB0FEC291} = {002AC47D-3538-4478-9D4D-0E9A76A676FD}
		{C1AD07C3-77C4-436E-92CF-7DB5DA0EAA87} = {456C1370-8AA9-45F4-9D33-65176FC61112}
		{9C29025F-8BBD-48E7-9AFF-E7F99E4956A4} = {B434BB1D-580A-4BD2-991A-F0AB2F64D2CF}
		{BDCB4E02-25ED-91DD-F634-186635688B35} = {9C29025F-8BBD-48E7-9AFF-E7F99E4956A4}
		{5B2B261F-DF0A-4B60-8D0A-E976B3ABEC33} = {B434BB1D-580A-4BD2-991A-F0AB2F64D2CF}
		{5B8B2E23-DEB5-4363-A5DA-8E0DF039E2C8} = {B434BB1D-580A-4BD2-991A-F0AB2F64D2CF}
		{7BCE5256-E76F-460A-86A1-8CEF60A426A8} = {9C29025F-8BBD-48E7-9AFF-E7F99E4956A4}
		{1D2A1B0D-11B9-4E60-B3BC-BC8E30B665FA} = {1B219D2D-2151-47D1-A054-FB6FF4285F1B}
		{021558FE-22AA-4B3E-8152-C6D0F58014E7} = {1B219D2D-2151-47D1-A054-FB6FF4285F1B}
		{7E1CE8A0-E393-419F-A5FB-505A3DD650A0} = {021558FE-22AA-4B3E-8152-C6D0F58014E7}
		{FE3E9789-5DE0-4C44-AC0F-12E326D0C111} = {021558FE-22AA-4B3E-8152-C6D0F58014E7}
		{02E9AD47-269E-4748-B9B5-0A885D7D6C6C} = {021558FE-22AA-4B3E-8152-C6D0F58014E7}
		{9605B4B8-0A34-BDE4-CFD2-F49073E3B9EF} = {021558FE-22AA-4B3E-8152-C6D0F58014E7}
		{F74A2808-AB70-471B-B7A9-990245417E7B} = {1B219D2D-2151-47D1-A054-FB6FF4285F1B}
		{515AE286-5685-41D7-9522-38BC78FD5380} = {79B2773D-152D-47EA-9873-28C37ADF90CA}
		{6F2B9AAA-29FC-4A93-8B35-157C9A62A1C0} = {79B2773D-152D-47EA-9873-28C37ADF90CA}
		{F1A80CA0-30AA-4745-9E91-2029E5A86526} = {79B2773D-152D-47EA-9873-28C37ADF90CA}
		{55946389-6A5A-4E61-9E8B-C0E00232EF94} = {F1A80CA0-30AA-4745-9E91-2029E5A86526}
		{A68EAB11-CB19-49A3-BBCF-4A9E937A73EC} = {F1A80CA0-30AA-4745-9E91-2029E5A86526}
		{C0F7F46A-9298-4BBB-904D-DA048A08CD5E} = {10F5EAB6-4ABB-4ED3-B9C4-EB935DB667B5}
		{1E2D1F2C-B7FF-4621-8DB1-93106974D2B0} = {C0F7F46A-9298-4BBB-904D-DA048A08CD5E}
		{BA3B5C5E-D6A4-39ED-6760-036CDB62E249} = {10F5EAB6-4ABB-4ED3-B9C4-EB935DB667B5}
		{7C06D570-5236-67C0-200D-EFEA42F6ED6E} = {10F5EAB6-4ABB-4ED3-B9C4-EB935DB667B5}
		{17BDEBAD-CAC4-4BE4-8795-7E1E7F3FE59C} = {C0F7F46A-9298-4BBB-904D-DA048A08CD5E}
		{6EF7678A-A725-F430-3097-30F090C0100A} = {F1187DD4-C595-4F8C-8141-BEC5A9D95921}
		{010D0C11-D6A2-3CA6-3281-4E0FD547EC2D} = {F1187DD4-C595-4F8C-8141-BEC5A9D95921}
		{77D22A6D-48CE-D50A-EDB6-272D0BC9EE0A} = {9084C08B-7A10-4171-A7DB-C91BA74A8B22}
		{B17DDC1E-7ED7-4259-8DC2-4799FA09652F} = {9084C08B-7A10-4171-A7DB-C91BA74A8B22}
		{7DE42951-159C-4EBF-A1D9-F0D2F692D113} = {B17DDC1E-7ED7-4259-8DC2-4799FA09652F}
		{52442FBF-AB1E-12BC-8344-0695887AC3CB} = {B17DDC1E-7ED7-4259-8DC2-4799FA09652F}
		{13EA441B-E72F-5CA2-D5D4-B3F52139D7CF} = {B17DDC1E-7ED7-4259-8DC2-4799FA09652F}
		{0B48C449-0B35-182D-2B8C-BFE6C8DF0359} = {8760A637-8C6D-4AA2-97EF-B2E4B6A84277}
		{E43BC5B7-4CA9-4B5E-8EC5-C38E61B5D9A9} = {930E9629-EDCA-4C5E-85C5-2B9CD6FF7906}
		{CF83918A-5C7A-48C7-9603-55612C1F9E19} = {E43BC5B7-4CA9-4B5E-8EC5-C38E61B5D9A9}
		{43237A11-3B28-4B54-A4E1-6C22FC32474C} = {E43BC5B7-4CA9-4B5E-8EC5-C38E61B5D9A9}
		{F01C3B69-9D05-4BEF-26EB-57BAD926097B} = {E43BC5B7-4CA9-4B5E-8EC5-C38E61B5D9A9}
		{414DFFD5-4A0F-DD91-933A-D9585859A325} = {E43BC5B7-4CA9-4B5E-8EC5-C38E61B5D9A9}
		{932CCF43-2E3F-4661-8FF1-4EF3D6E0C329} = {8760A637-8C6D-4AA2-97EF-B2E4B6A84277}
		{228B471E-BF42-4909-ADAB-F99F33D4B960} = {DA9D1565-4B06-46A4-BF69-1FA6A5B72CA6}
		{E9A17AA2-A822-DBAD-5B94-1AAA6BD0E0AF} = {DA9D1565-4B06-46A4-BF69-1FA6A5B72CA6}
		{CE019649-9318-73D8-8F70-F3DCB6317432} = {DA9D1565-4B06-46A4-BF69-1FA6A5B72CA6}
		{B3F3FE81-4330-0B4C-2412-6F395A20D39D} = {228B471E-BF42-4909-ADAB-F99F33D4B960}
		{3F3CABB3-E67F-D927-7417-80D1CBAF004A} = {228B471E-BF42-4909-ADAB-F99F33D4B960}
		{61BA74EB-20AE-BBB9-0771-8ECBE7D18BD5} = {228B471E-BF42-4909-ADAB-F99F33D4B960}
		{E5B59763-EB45-4730-9BB8-C179E17B05B5} = {DA9D1565-4B06-46A4-BF69-1FA6A5B72CA6}
		{BD535E65-2F62-8086-BEED-98B08915E0BE} = {228B471E-BF42-4909-ADAB-F99F33D4B960}
		{378018DC-E42D-4512-A5E4-D65B41D2A0DA} = {2E8E922F-3413-45B0-88C8-7E76CEFEC30F}
		{276119D8-B497-4140-9C52-70568965CF37} = {2E8E922F-3413-45B0-88C8-7E76CEFEC30F}
		{3497405E-4C86-4FA5-B373-8EF63EF13440} = {2E8E922F-3413-45B0-88C8-7E76CEFEC30F}
	EndGlobalSection
	GlobalSection(ExtensibilityGlobals) = postSolution
		SolutionGuid = {9A83ED87-5DC8-49CA-8723-6765A531CDD2}
	EndGlobalSection
EndGlobal
