
Microsoft Visual Studio Solution File, Format Version 12.00
# Visual Studio Version 17
VisualStudioVersion = 17.13.35825.156
MinimumVisualStudioVersion = 10.0.40219.1
Project("{2150E333-8FDC-42A3-9474-1A3956D46DE8}") = "Chapter01", "Chapter01", "{DDB4EF12-CC4E-5E88-E6FC-71A802F4DE97}"
EndProject
Project("{FAE04EC0-301F-11D3-BF4B-00C04F79EFBC}") = "ProductSample", "Chapter01\ProductSample\ProductSample.csproj", "{33AEA8B7-79FE-4E16-B6D8-B3D2228DCFF6}"
EndProject
Project("{2150E333-8FDC-42A3-9474-1A3956D46DE8}") = "Chapter02", "Chapter02", "{2DE26CC1-BD5C-4D5E-BC30-8E9FDD6C2313}"
EndProject
Project("{FAE04EC0-301F-11D3-BF4B-00C04F79EFBC}") = "DistanceConverter", "Chapter02\DistanceConverter\DistanceConverter.csproj", "{906AB0A4-EACE-4405-932B-151382A44386}"
EndProject
Project("{2150E333-8FDC-42A3-9474-1A3956D46DE8}") = "演習問題", "演習問題", "{2E1B4D82-65F3-47D9-A6A3-8C7838019E95}"
EndProject
Project("{FAE04EC0-301F-11D3-BF4B-00C04F79EFBC}") = "Exercise02", "Chapter02\演習問題\Exercise02\Exercise02.csproj", "{C4011104-BD0F-404D-8AC7-4F3AE51EBA1F}"
EndProject
Project("{2150E333-8FDC-42A3-9474-1A3956D46DE8}") = "距離換算プログラム", "距離換算プログラム", "{36B3FBF3-566A-4D8B-9EDB-C7FBBD6DBE6A}"
EndProject
Project("{2150E333-8FDC-42A3-9474-1A3956D46DE8}") = "FormApps", "FormApps", "{8760A637-8C6D-4AA2-97EF-B2E4B6A84277}"
EndProject
Project("{FAE04EC0-301F-11D3-BF4B-00C04F79EFBC}") = "UnitConverter", "FormApps\UnitConverter\UnitConverter.csproj", "{F6B2ABA8-E510-4C57-9DE3-A3D793E9E5C3}"
EndProject
Project("{FAE04EC0-301F-11D3-BF4B-00C04F79EFBC}") = "StopWatch", "FormApps\StopWatch\StopWatch.csproj", "{3885315E-D566-4B81-AC6C-926FC39089B1}"
EndProject
Project("{2150E333-8FDC-42A3-9474-1A3956D46DE8}") = "売上集計プログラム", "売上集計プログラム", "{29853736-0E72-4435-AEB7-C70247D17B2F}"
EndProject
Project("{FAE04EC0-301F-11D3-BF4B-00C04F79EFBC}") = "SalesCalculator", "Chapter02\SalesCalculator\SalesCalculator.csproj", "{6F278112-CFC6-40B1-A8ED-7E32777EE4C1}"
EndProject
Project("{FAE04EC0-301F-11D3-BF4B-00C04F79EFBC}") = "Exercise01", "Chapter02\演習問題\Exercise01\Exercise01.csproj", "{553D0F0B-6411-4E5A-B39D-A9A375644906}"
EndProject
Project("{2150E333-8FDC-42A3-9474-1A3956D46DE8}") = "Chapter03", "Chapter03", "{3A4CDE5D-5C91-4DE2-B3F2-08AB209BD18D}"
EndProject
Project("{FAE04EC0-301F-11D3-BF4B-00C04F79EFBC}") = "Section01", "Chapter03\Section01\Section01.csproj", "{E0837CD2-2EEF-4295-A752-E7732FE26AD2}"
EndProject
Project("{2150E333-8FDC-42A3-9474-1A3956D46DE8}") = "演習問題", "演習問題", "{4AA26DF5-5D2A-4287-BFA0-8D0935829EDB}"
EndProject
Project("{FAE04EC0-301F-11D3-BF4B-00C04F79EFBC}") = "Exercise02", "Chapter03\演習問題\Exercise02\Exercise02.csproj", "{485B5C7C-9BC9-4729-A0CE-EF5C9FAA9A9B}"
EndProject
Global
	GlobalSection(SolutionConfigurationPlatforms) = preSolution
		Debug|Any CPU = Debug|Any CPU
		Release|Any CPU = Release|Any CPU
	EndGlobalSection
	GlobalSection(ProjectConfigurationPlatforms) = postSolution
		{33AEA8B7-79FE-4E16-B6D8-B3D2228DCFF6}.Debug|Any CPU.ActiveCfg = Debug|Any CPU
		{33AEA8B7-79FE-4E16-B6D8-B3D2228DCFF6}.Debug|Any CPU.Build.0 = Debug|Any CPU
		{33AEA8B7-79FE-4E16-B6D8-B3D2228DCFF6}.Release|Any CPU.ActiveCfg = Release|Any CPU
		{33AEA8B7-79FE-4E16-B6D8-B3D2228DCFF6}.Release|Any CPU.Build.0 = Release|Any CPU
		{906AB0A4-EACE-4405-932B-151382A44386}.Debug|Any CPU.ActiveCfg = Debug|Any CPU
		{906AB0A4-EACE-4405-932B-151382A44386}.Debug|Any CPU.Build.0 = Debug|Any CPU
		{906AB0A4-EACE-4405-932B-151382A44386}.Release|Any CPU.ActiveCfg = Release|Any CPU
		{906AB0A4-EACE-4405-932B-151382A44386}.Release|Any CPU.Build.0 = Release|Any CPU
		{C4011104-BD0F-404D-8AC7-4F3AE51EBA1F}.Debug|Any CPU.ActiveCfg = Debug|Any CPU
		{C4011104-BD0F-404D-8AC7-4F3AE51EBA1F}.Debug|Any CPU.Build.0 = Debug|Any CPU
		{C4011104-BD0F-404D-8AC7-4F3AE51EBA1F}.Release|Any CPU.ActiveCfg = Release|Any CPU
		{C4011104-BD0F-404D-8AC7-4F3AE51EBA1F}.Release|Any CPU.Build.0 = Release|Any CPU
		{F6B2ABA8-E510-4C57-9DE3-A3D793E9E5C3}.Debug|Any CPU.ActiveCfg = Debug|Any CPU
		{F6B2ABA8-E510-4C57-9DE3-A3D793E9E5C3}.Debug|Any CPU.Build.0 = Debug|Any CPU
		{F6B2ABA8-E510-4C57-9DE3-A3D793E9E5C3}.Release|Any CPU.ActiveCfg = Release|Any CPU
		{F6B2ABA8-E510-4C57-9DE3-A3D793E9E5C3}.Release|Any CPU.Build.0 = Release|Any CPU
		{3885315E-D566-4B81-AC6C-926FC39089B1}.Debug|Any CPU.ActiveCfg = Debug|Any CPU
		{3885315E-D566-4B81-AC6C-926FC39089B1}.Debug|Any CPU.Build.0 = Debug|Any CPU
		{3885315E-D566-4B81-AC6C-926FC39089B1}.Release|Any CPU.ActiveCfg = Release|Any CPU
		{3885315E-D566-4B81-AC6C-926FC39089B1}.Release|Any CPU.Build.0 = Release|Any CPU
		{6F278112-CFC6-40B1-A8ED-7E32777EE4C1}.Debug|Any CPU.ActiveCfg = Debug|Any CPU
		{6F278112-CFC6-40B1-A8ED-7E32777EE4C1}.Debug|Any CPU.Build.0 = Debug|Any CPU
		{6F278112-CFC6-40B1-A8ED-7E32777EE4C1}.Release|Any CPU.ActiveCfg = Release|Any CPU
		{6F278112-CFC6-40B1-A8ED-7E32777EE4C1}.Release|Any CPU.Build.0 = Release|Any CPU
		{553D0F0B-6411-4E5A-B39D-A9A375644906}.Debug|Any CPU.ActiveCfg = Debug|Any CPU
		{553D0F0B-6411-4E5A-B39D-A9A375644906}.Debug|Any CPU.Build.0 = Debug|Any CPU
		{553D0F0B-6411-4E5A-B39D-A9A375644906}.Release|Any CPU.ActiveCfg = Release|Any CPU
		{553D0F0B-6411-4E5A-B39D-A9A375644906}.Release|Any CPU.Build.0 = Release|Any CPU
		{E0837CD2-2EEF-4295-A752-E7732FE26AD2}.Debug|Any CPU.ActiveCfg = Debug|Any CPU
		{E0837CD2-2EEF-4295-A752-E7732FE26AD2}.Debug|Any CPU.Build.0 = Debug|Any CPU
		{E0837CD2-2EEF-4295-A752-E7732FE26AD2}.Release|Any CPU.ActiveCfg = Release|Any CPU
		{E0837CD2-2EEF-4295-A752-E7732FE26AD2}.Release|Any CPU.Build.0 = Release|Any CPU
		{485B5C7C-9BC9-4729-A0CE-EF5C9FAA9A9B}.Debug|Any CPU.ActiveCfg = Debug|Any CPU
		{485B5C7C-9BC9-4729-A0CE-EF5C9FAA9A9B}.Debug|Any CPU.Build.0 = Debug|Any CPU
		{485B5C7C-9BC9-4729-A0CE-EF5C9FAA9A9B}.Release|Any CPU.ActiveCfg = Release|Any CPU
		{485B5C7C-9BC9-4729-A0CE-EF5C9FAA9A9B}.Release|Any CPU.Build.0 = Release|Any CPU
	EndGlobalSection
	GlobalSection(SolutionProperties) = preSolution
		HideSolutionNode = FALSE
	EndGlobalSection
	GlobalSection(NestedProjects) = preSolution
		{33AEA8B7-79FE-4E16-B6D8-B3D2228DCFF6} = {DDB4EF12-CC4E-5E88-E6FC-71A802F4DE97}
		{906AB0A4-EACE-4405-932B-151382A44386} = {36B3FBF3-566A-4D8B-9EDB-C7FBBD6DBE6A}
		{2E1B4D82-65F3-47D9-A6A3-8C7838019E95} = {2DE26CC1-BD5C-4D5E-BC30-8E9FDD6C2313}
		{C4011104-BD0F-404D-8AC7-4F3AE51EBA1F} = {2E1B4D82-65F3-47D9-A6A3-8C7838019E95}
		{36B3FBF3-566A-4D8B-9EDB-C7FBBD6DBE6A} = {2DE26CC1-BD5C-4D5E-BC30-8E9FDD6C2313}
		{F6B2ABA8-E510-4C57-9DE3-A3D793E9E5C3} = {8760A637-8C6D-4AA2-97EF-B2E4B6A84277}
		{3885315E-D566-4B81-AC6C-926FC39089B1} = {8760A637-8C6D-4AA2-97EF-B2E4B6A84277}
		{29853736-0E72-4435-AEB7-C70247D17B2F} = {2DE26CC1-BD5C-4D5E-BC30-8E9FDD6C2313}
		{6F278112-CFC6-40B1-A8ED-7E32777EE4C1} = {29853736-0E72-4435-AEB7-C70247D17B2F}
		{553D0F0B-6411-4E5A-B39D-A9A375644906} = {2E1B4D82-65F3-47D9-A6A3-8C7838019E95}
		{E0837CD2-2EEF-4295-A752-E7732FE26AD2} = {3A4CDE5D-5C91-4DE2-B3F2-08AB209BD18D}
		{4AA26DF5-5D2A-4287-BFA0-8D0935829EDB} = {3A4CDE5D-5C91-4DE2-B3F2-08AB209BD18D}
		{485B5C7C-9BC9-4729-A0CE-EF5C9FAA9A9B} = {4AA26DF5-5D2A-4287-BFA0-8D0935829EDB}
	EndGlobalSection
	GlobalSection(ExtensibilityGlobals) = postSolution
		SolutionGuid = {9A83ED87-5DC8-49CA-8723-6765A531CDD2}
	EndGlobalSection
EndGlobal
